// !$*UTF8*$!
{
	archiveVersion = 1;
	classes = {
	};
	objectVersion = 56;
	objects = {

/* Begin PBXBuildFile section */
		A1000000000000000020 /* DriveCamBackupApp.swift in Sources */ = {isa = PBXBuildFile; fileRef = A1000000000000000010 /* DriveCamBackupApp.swift */; };
		A1000000000000000021 /* VehicleType.swift in Sources */ = {isa = PBXBuildFile; fileRef = A1000000000000000011 /* VehicleType.swift */; };
		A1000000000000000022 /* SMBConfig.swift in Sources */ = {isa = PBXBuildFile; fileRef = A1000000000000000012 /* SMBConfig.swift */; };
		A1000000000000000023 /* VehicleDetector.swift in Sources */ = {isa = PBXBuildFile; fileRef = A1000000000000000013 /* VehicleDetector.swift */; };
		A1000000000000000024 /* DriveScanner.swift in Sources */ = {isa = PBXBuildFile; fileRef = A1000000000000000014 /* DriveScanner.swift */; };
		A1000000000000000025 /* SMBUploader.swift in Sources */ = {isa = PBXBuildFile; fileRef = A1000000000000000015 /* SMBUploader.swift */; };
		A1000000000000000026 /* ContentView.swift in Sources */ = {isa = PBXBuildFile; fileRef = A1000000000000000016 /* ContentView.swift */; };
		A1000000000000000027 /* SettingsView.swift in Sources */ = {isa = PBXBuildFile; fileRef = A1000000000000000017 /* SettingsView.swift */; };
		A1000000000000000028 /* UploadView.swift in Sources */ = {isa = PBXBuildFile; fileRef = A1000000000000000018 /* UploadView.swift */; };
		A1000000000000000042 /* AMSMB2 in Frameworks */ = {isa = PBXBuildFile; productRef = A1000000000000000041 /* AMSMB2 */; };
/* End PBXBuildFile section */

/* Begin PBXFileReference section */
		A1000000000000000005 /* DriveCamBackup.app */ = {isa = PBXFileReference; explicitFileType = wrapper.application; includeInIndex = 0; path = DriveCamBackup.app; sourceTree = BUILT_PRODUCTS_DIR; };
		A1000000000000000010 /* DriveCamBackupApp.swift */ = {isa = PBXFileReference; lastKnownFileType = sourcecode.swift; path = DriveCamBackupApp.swift; sourceTree = "<group>"; };
		A1000000000000000011 /* VehicleType.swift */ = {isa = PBXFileReference; lastKnownFileType = sourcecode.swift; path = VehicleType.swift; sourceTree = "<group>"; };
		A1000000000000000012 /* SMBConfig.swift */ = {isa = PBXFileReference; lastKnownFileType = sourcecode.swift; path = SMBConfig.swift; sourceTree = "<group>"; };
		A1000000000000000013 /* VehicleDetector.swift */ = {isa = PBXFileReference; lastKnownFileType = sourcecode.swift; path = VehicleDetector.swift; sourceTree = "<group>"; };
		A1000000000000000014 /* DriveScanner.swift */ = {isa = PBXFileReference; lastKnownFileType = sourcecode.swift; path = DriveScanner.swift; sourceTree = "<group>"; };
		A1000000000000000015 /* SMBUploader.swift */ = {isa = PBXFileReference; lastKnownFileType = sourcecode.swift; path = SMBUploader.swift; sourceTree = "<group>"; };
		A1000000000000000016 /* ContentView.swift */ = {isa = PBXFileReference; lastKnownFileType = sourcecode.swift; path = ContentView.swift; sourceTree = "<group>"; };
		A1000000000000000017 /* SettingsView.swift */ = {isa = PBXFileReference; lastKnownFileType = sourcecode.swift; path = SettingsView.swift; sourceTree = "<group>"; };
		A1000000000000000018 /* UploadView.swift */ = {isa = PBXFileReference; lastKnownFileType = sourcecode.swift; path = UploadView.swift; sourceTree = "<group>"; };
		A1000000000000000019 /* Info.plist */ = {isa = PBXFileReference; lastKnownFileType = text.plist.xml; path = Info.plist; sourceTree = "<group>"; };
/* End PBXFileReference section */

/* Begin PBXFrameworksBuildPhase section */
		A1000000000000000007 /* Frameworks */ = {
			isa = PBXFrameworksBuildPhase;
			buildActionMask = 2147483647;
			files = (
				A1000000000000000042 /* AMSMB2 in Frameworks */,
			);
			runOnlyForDeploymentPostprocessing = 0;
		};
/* End PBXFrameworksBuildPhase section */

/* Begin PBXGroup section */
		A1000000000000000002 /* MainGroup */ = {
			isa = PBXGroup;
			children = (
				A100000000000000000F /* DriveCamBackup */,
				A1000000000000000003 /* Products */,
			);
			sourceTree = "<group>";
		};
		A1000000000000000003 /* Products */ = {
			isa = PBXGroup;
			children = (
				A1000000000000000005 /* DriveCamBackup.app */,
			);
			name = Products;
			sourceTree = "<group>";
		};
		A100000000000000000F /* DriveCamBackup */ = {
			isa = PBXGroup;
			children = (
				A1000000000000000010 /* DriveCamBackupApp.swift */,
				A1000000000000000019 /* Info.plist */,
				A1000000000000000030 /* Models */,
				A1000000000000000031 /* Services */,
				A1000000000000000032 /* Views */,
			);
			path = DriveCamBackup;
			sourceTree = "<group>";
		};
		A1000000000000000030 /* Models */ = {
			isa = PBXGroup;
			children = (
				A1000000000000000011 /* VehicleType.swift */,
				A1000000000000000012 /* SMBConfig.swift */,
			);
			path = Models;
			sourceTree = "<group>";
		};
		A1000000000000000031 /* Services */ = {
			isa = PBXGroup;
			children = (
				A1000000000000000013 /* VehicleDetector.swift */,
				A1000000000000000014 /* DriveScanner.swift */,
				A1000000000000000015 /* SMBUploader.swift */,
			);
			path = Services;
			sourceTree = "<group>";
		};
		A1000000000000000032 /* Views */ = {
			isa = PBXGroup;
			children = (
				A1000000000000000016 /* ContentView.swift */,
				A1000000000000000017 /* SettingsView.swift */,
				A1000000000000000018 /* UploadView.swift */,
			);
			path = Views;
			sourceTree = "<group>";
		};
/* End PBXGroup section */

/* Begin PBXNativeTarget section */
		A1000000000000000004 /* DriveCamBackup */ = {
			isa = PBXNativeTarget;
			buildConfigurationList = A100000000000000000E /* Build configuration list for PBXNativeTarget "DriveCamBackup" */;
			buildPhases = (
				A1000000000000000006 /* Sources */,
				A1000000000000000007 /* Frameworks */,
				A1000000000000000008 /* Resources */,
			);
			buildRules = (
			);
			dependencies = (
			);
			name = DriveCamBackup;
			packageProductDependencies = (
				A1000000000000000041 /* AMSMB2 */,
			);
			productName = DriveCamBackup;
			productReference = A1000000000000000005 /* DriveCamBackup.app */;
			productType = "com.apple.product-type.application";
		};
/* End PBXNativeTarget section */

/* Begin PBXProject section */
		A1000000000000000001 /* Project object */ = {
			isa = PBXProject;
			attributes = {
				BuildIndependentTargetsInParallel = 1;
				LastSwiftUpdateCheck = 1500;
				LastUpgradeCheck = 1500;
				TargetAttributes = {
					A1000000000000000004 = {
						CreatedOnToolsVersion = 15.0;
					};
				};
			};
			buildConfigurationList = A100000000000000000D /* Build configuration list for PBXProject "DriveCamBackup" */;
			compatibilityVersion = "Xcode 14.0";
			developmentRegion = en;
			hasScannedForEncodings = 0;
			knownRegions = (
				en,
				Base,
			);
			mainGroup = A1000000000000000002;
			packageReferences = (
				A1000000000000000040 /* XCRemoteSwiftPackageReference "AMSMB2" */,
			);
			productRefGroup = A1000000000000000003 /* Products */;
			projectDirPath = "";
			projectRoot = "";
			targets = (
				A1000000000000000004 /* DriveCamBackup */,
			);
		};
/* End PBXProject section */

/* Begin PBXResourcesBuildPhase section */
		A1000000000000000008 /* Resources */ = {
			isa = PBXResourcesBuildPhase;
			buildActionMask = 2147483647;
			files = (
			);
			runOnlyForDeploymentPostprocessing = 0;
		};
/* End PBXResourcesBuildPhase section */

/* Begin PBXSourcesBuildPhase section */
		A1000000000000000006 /* Sources */ = {
			isa = PBXSourcesBuildPhase;
			buildActionMask = 2147483647;
			files = (
				A1000000000000000020 /* DriveCamBackupApp.swift in Sources */,
				A1000000000000000021 /* VehicleType.swift in Sources */,
				A1000000000000000022 /* SMBConfig.swift in Sources */,
				A1000000000000000023 /* VehicleDetector.swift in Sources */,
				A1000000000000000024 /* DriveScanner.swift in Sources */,
				A1000000000000000025 /* SMBUploader.swift in Sources */,
				A1000000000000000026 /* ContentView.swift in Sources */,
				A1000000000000000027 /* SettingsView.swift in Sources */,
				A1000000000000000028 /* UploadView.swift in Sources */,
			);
			runOnlyForDeploymentPostprocessing = 0;
		};
/* End PBXSourcesBuildPhase section */

/* Begin XCBuildConfiguration section */
		A1000000000000000009 /* Debug */ = {
			isa = XCBuildConfiguration;
			buildSettings = {
				ALWAYS_SEARCH_USER_PATHS = NO;
				CLANG_ANALYZER_NONNULL = YES;
				CLANG_ANALYZER_NUMBER_OBJECT_CONVERSION = YES_AGGRESSIVE;
				CLANG_CXX_LANGUAGE_STANDARD = "gnu++20";
				CLANG_ENABLE_MODULES = YES;
				CLANG_ENABLE_OBJC_ARC = YES;
				CLANG_ENABLE_OBJC_WEAK = YES;
				CLANG_WARN_BLOCK_CAPTURE_AUTORELEASING = YES;
				CLANG_WARN_BOOL_CONVERSION = YES;
				CLANG_WARN_COMMA = YES;
				CLANG_WARN_CONSTANT_CONVERSION = YES;
				CLANG_WARN_DEPRECATED_OBJC_IMPLEMENTATIONS = YES;
				CLANG_WARN_DIRECT_OBJC_ISA_USAGE = YES_ERROR;
				CLANG_WARN_DOCUMENTATION_COMMENTS = YES;
				CLANG_WARN_EMPTY_BODY = YES;
				CLANG_WARN_ENUM_CONVERSION = YES;
				CLANG_WARN_INFINITE_RECURSION = YES;
				CLANG_WARN_INT_CONVERSION = YES;
				CLANG_WARN_NON_LITERAL_NULL_CONVERSION = YES;
				CLANG_WARN_OBJC_IMPLICIT_RETAIN_CYCLE = YES;
				CLANG_WARN_OBJC_LITERAL_CONVERSION = YES;
				CLANG_WARN_OBJC_ROOT_CLASS = YES_ERROR;
				CLANG_WARN_QUOTED_INCLUDE_IN_FRAMEWORK_HEADER = YES;
				CLANG_WARN_RANGE_LOOP_ANALYSIS = YES;
				CLANG_WARN_STRICT_PROTOTYPES = YES;
				CLANG_WARN_SUSPICIOUS_MOVE = YES;
				CLANG_WARN_UNGUARDED_AVAILABILITY = YES_AGGRESSIVE;
				CLANG_WARN_UNREACHABLE_CODE = YES;
				CLANG_WARN__DUPLICATE_METHOD_MATCH = YES;
				COPY_PHASE_STRIP = NO;
				DEBUG_INFORMATION_FORMAT = dwarf;
				ENABLE_STRICT_OBJC_MSGSEND = YES;
				ENABLE_TESTABILITY = YES;
				GCC_C_LANGUAGE_STANDARD = gnu11;
				GCC_DYNAMIC_NO_PIC = NO;
				GCC_NO_COMMON_BLOCKS = YES;
				GCC_OPTIMIZATION_LEVEL = 0;
				GCC_PREPROCESSOR_DEFINITIONS = (
					"DEBUG=1",
					"$(inherited)",
				);
				GCC_WARN_64_TO_32_BIT_CONVERSION = YES;
				GCC_WARN_ABOUT_RETURN_TYPE = YES_ERROR;
				GCC_WARN_UNDECLARED_SELECTOR = YES;
				GCC_WARN_UNINITIALIZED_AUTOS = YES_AGGRESSIVE;
				GCC_WARN_UNUSED_FUNCTION = YES;
				GCC_WARN_UNUSED_VARIABLE = YES;
				IPHONEOS_DEPLOYMENT_TARGET = 16.0;
				MTL_ENABLE_DEBUG_INFO = INCLUDE_SOURCE;
				MTL_FAST_MATH = YES;
				ONLY_ACTIVE_ARCH = YES;
				SDKROOT = iphoneos;
				SWIFT_ACTIVE_COMPILATION_CONDITIONS = DEBUG;
				SWIFT_OPTIMIZATION_LEVEL = "-Onone";
			};
			name = Debug;
		};
		A100000000000000000A /* Release */ = {
			isa = XCBuildConfiguration;
			buildSettings = {
				ALWAYS_SEARCH_USER_PATHS = NO;
				CLANG_ANALYZER_NONNULL = YES;
				CLANG_ANALYZER_NUMBER_OBJECT_CONVERSION = YES_AGGRESSIVE;
				CLANG_CXX_LANGUAGE_STANDARD = "gnu++20";
				CLANG_ENABLE_MODULES = YES;
				CLANG_ENABLE_OBJC_ARC = YES;
				CLANG_ENABLE_OBJC_WEAK = YES;
				CLANG_WARN_BLOCK_CAPTURE_AUTORELEASING = YES;
				CLANG_WARN_BOOL_CONVERSION = YES;
				CLANG_WARN_COMMA = YES;
				CLANG_WARN_CONSTANT_CONVERSION = YES;
				CLANG_WARN_DEPRECATED_OBJC_IMPLEMENTATIONS = YES;
				CLANG_WARN_DIRECT_OBJC_ISA_USAGE = YES_ERROR;
				CLANG_WARN_DOCUMENTATION_COMMENTS = YES;
				CLANG_WARN_EMPTY_BODY = YES;
				CLANG_WARN_ENUM_CONVERSION = YES;
				CLANG_WARN_INFINITE_RECURSION = YES;
				CLANG_WARN_INT_CONVERSION = YES;
				CLANG_WARN_NON_LITERAL_NULL_CONVERSION = YES;
				CLANG_WARN_OBJC_IMPLICIT_RETAIN_CYCLE = YES;
				CLANG_WARN_OBJC_LITERAL_CONVERSION = YES;
				CLANG_WARN_OBJC_ROOT_CLASS = YES_ERROR;
				CLANG_WARN_QUOTED_INCLUDE_IN_FRAMEWORK_HEADER = YES;
				CLANG_WARN_RANGE_LOOP_ANALYSIS = YES;
				CLANG_WARN_STRICT_PROTOTYPES = YES;
				CLANG_WARN_SUSPICIOUS_MOVE = YES;
				CLANG_WARN_UNGUARDED_AVAILABILITY = YES_AGGRESSIVE;
				CLANG_WARN_UNREACHABLE_CODE = YES;
				CLANG_WARN__DUPLICATE_METHOD_MATCH = YES;
				COPY_PHASE_STRIP = NO;
				DEBUG_INFORMATION_FORMAT = "dwarf-with-dsym";
				ENABLE_NS_ASSERTIONS = NO;
				ENABLE_STRICT_OBJC_MSGSEND = YES;
				GCC_C_LANGUAGE_STANDARD = gnu11;
				GCC_NO_COMMON_BLOCKS = YES;
				GCC_WARN_64_TO_32_BIT_CONVERSION = YES;
				GCC_WARN_ABOUT_RETURN_TYPE = YES_ERROR;
				GCC_WARN_UNDECLARED_SELECTOR = YES;
				GCC_WARN_UNINITIALIZED_AUTOS = YES_AGGRESSIVE;
				GCC_WARN_UNUSED_FUNCTION = YES;
				GCC_WARN_UNUSED_VARIABLE = YES;
				IPHONEOS_DEPLOYMENT_TARGET = 16.0;
				MTL_FAST_MATH = YES;
				SDKROOT = iphoneos;
				SWIFT_COMPILATION_MODE = wholemodule;
				SWIFT_OPTIMIZATION_LEVEL = "-O";
				VALIDATE_PRODUCT = YES;
			};
			name = Release;
		};
		A100000000000000000B /* Debug */ = {
			isa = XCBuildConfiguration;
			buildSettings = {
				ASSETCATALOG_COMPILER_APPICON_NAME = AppIcon;
				ASSETCATALOG_COMPILER_GLOBAL_ACCENT_COLOR_NAME = AccentColor;
				CODE_SIGN_STYLE = Automatic;
				CURRENT_PROJECT_VERSION = 1;
				DEVELOPMENT_ASSET_PATHS = "";
				ENABLE_PREVIEWS = YES;
				GENERATE_INFOPLIST_FILE = NO;
				INFOPLIST_FILE = DriveCamBackup/Info.plist;
				IPHONEOS_DEPLOYMENT_TARGET = 16.0;
				LD_RUNPATH_SEARCH_PATHS = (
					"$(inherited)",
					"@executable_path/Frameworks",
				);
				MARKETING_VERSION = 1.0;
				PRODUCT_BUNDLE_IDENTIFIER = com.drivecambackup.app;
				PRODUCT_NAME = "$(TARGET_NAME)";
				SWIFT_EMIT_LOC_STRINGS = YES;
				SWIFT_VERSION = 5.0;
				TARGETED_DEVICE_FAMILY = "1,2";
			};
			name = Debug;
		};
		A100000000000000000C /* Release */ = {
			isa = XCBuildConfiguration;
			buildSettings = {
				ASSETCATALOG_COMPILER_APPICON_NAME = AppIcon;
				ASSETCATALOG_COMPILER_GLOBAL_ACCENT_COLOR_NAME = AccentColor;
				CODE_SIGN_STYLE = Automatic;
				CURRENT_PROJECT_VERSION = 1;
				DEVELOPMENT_ASSET_PATHS = "";
				ENABLE_PREVIEWS = YES;
				GENERATE_INFOPLIST_FILE = NO;
				INFOPLIST_FILE = DriveCamBackup/Info.plist;
				IPHONEOS_DEPLOYMENT_TARGET = 16.0;
				LD_RUNPATH_SEARCH_PATHS = (
					"$(inherited)",
					"@executable_path/Frameworks",
				);
				MARKETING_VERSION = 1.0;
				PRODUCT_BUNDLE_IDENTIFIER = com.drivecambackup.app;
				PRODUCT_NAME = "$(TARGET_NAME)";
				SWIFT_EMIT_LOC_STRINGS = YES;
				SWIFT_VERSION = 5.0;
				TARGETED_DEVICE_FAMILY = "1,2";
			};
			name = Release;
		};
/* End XCBuildConfiguration section */

/* Begin XCConfigurationList section */
		A100000000000000000D /* Build configuration list for PBXProject "DriveCamBackup" */ = {
			isa = XCConfigurationList;
			buildConfigurations = (
				A1000000000000000009 /* Debug */,
				A100000000000000000A /* Release */,
			);
			defaultConfigurationIsVisible = 0;
			defaultConfigurationName = Release;
		};
		A100000000000000000E /* Build configuration list for PBXNativeTarget "DriveCamBackup" */ = {
			isa = XCConfigurationList;
			buildConfigurations = (
				A100000000000000000B /* Debug */,
				A100000000000000000C /* Release */,
			);
			defaultConfigurationIsVisible = 0;
			defaultConfigurationName = Release;
		};
/* End XCConfigurationList section */

/* Begin XCRemoteSwiftPackageReference section */
		A1000000000000000040 /* XCRemoteSwiftPackageReference "AMSMB2" */ = {
			isa = XCRemoteSwiftPackageReference;
			repositoryURL = "https://github.com/amosavian/AMSMB2";
			requirement = {
				kind = upToNextMajorVersion;
				minimumVersion = 2.0.0;
			};
		};
/* End XCRemoteSwiftPackageReference section */

/* Begin XCSwiftPackageProductDependency section */
		A1000000000000000041 /* AMSMB2 */ = {
			isa = XCSwiftPackageProductDependency;
			package = A1000000000000000040 /* XCRemoteSwiftPackageReference "AMSMB2" */;
			productName = AMSMB2;
		};
/* End XCSwiftPackageProductDependency section */

	};
	rootObject = A1000000000000000001 /* Project object */;
}
